
Microsoft Visual Studio Solution File, Format Version 12.00
# Visual Studio Version 17
VisualStudioVersion = 17.4.33205.214
MinimumVisualStudioVersion = 10.0.40219.1
Project("{FAE04EC0-301F-11D3-BF4B-00C04F79EFBC}") = "backend", "backend\backend.csproj", "{0BEDFA2C-CACB-4CC1-875A-6DF8B79273E5}"
EndProject
Global
	GlobalSection(SolutionConfigurationPlatforms) = preSolution
		Debug|Any CPU = Debug|Any CPU
		Release|Any CPU = Release|Any CPU
	EndGlobalSection
	GlobalSection(ProjectConfigurationPlatforms) = postSolution
		{0BEDFA2C-CACB-4CC1-875A-6DF8B79273E5}.Debug|Any CPU.ActiveCfg = Debug|Any CPU
		{0BEDFA2C-CACB-4CC1-875A-6DF8B79273E5}.Debug|Any CPU.Build.0 = Debug|Any CPU
		{0BEDFA2C-CACB-4CC1-875A-6DF8B79273E5}.Release|Any CPU.ActiveCfg = Release|Any CPU
		{0BEDFA2C-CACB-4CC1-875A-6DF8B79273E5}.Release|Any CPU.Build.0 = Release|Any CPU
	EndGlobalSection
	GlobalSection(SolutionProperties) = preSolution
		HideSolutionNode = FALSE
	EndGlobalSection
	GlobalSection(ExtensibilityGlobals) = postSolution
		SolutionGuid = {D288F808-932A-4D57-BC65-E438CAC3F85E}
	EndGlobalSection
EndGlobal
